
Microsoft Visual Studio Solution File, Format Version 12.00
# Visual Studio 2012
VisualStudioVersion = 12.0.30501.0
MinimumVisualStudioVersion = 10.0.40219.1
Project("{FAE04EC0-301F-11D3-BF4B-00C04F79EFBC}") = "GameManager", "GameManager\GameManager.csproj", "{049965BE-55F0-452F-A191-194B0CAAE45C}"
EndProject
Project("{FAE04EC0-301F-11D3-BF4B-00C04F79EFBC}") = "BattleSDK", "BattleSDK\BattleSDK.csproj", "{7EC9D888-9ACD-45A1-A9F8-348D4C7A1A43}"
EndProject
Project("{FAE04EC0-301F-11D3-BF4B-00C04F79EFBC}") = "TestKI", "TestKI\TestKI.csproj", "{14CF4D04-F5EE-4ED8-92C9-CF51A1D835A1}"
EndProject
Global
	GlobalSection(SolutionConfigurationPlatforms) = preSolution
		Debug|Any CPU = Debug|Any CPU
		Release|Any CPU = Release|Any CPU
	EndGlobalSection
	GlobalSection(ProjectConfigurationPlatforms) = postSolution
		{049965BE-55F0-452F-A191-194B0CAAE45C}.Debug|Any CPU.ActiveCfg = Debug|Any CPU
		{049965BE-55F0-452F-A191-194B0CAAE45C}.Debug|Any CPU.Build.0 = Debug|Any CPU
		{049965BE-55F0-452F-A191-194B0CAAE45C}.Release|Any CPU.ActiveCfg = Debug|Any CPU
		{049965BE-55F0-452F-A191-194B0CAAE45C}.Release|Any CPU.Build.0 = Debug|Any CPU
		{14CF4D04-F5EE-4ED8-92C9-CF51A1D835A1}.Debug|Any CPU.ActiveCfg = Debug|Any CPU
		{14CF4D04-F5EE-4ED8-92C9-CF51A1D835A1}.Debug|Any CPU.Build.0 = Debug|Any CPU
		{14CF4D04-F5EE-4ED8-92C9-CF51A1D835A1}.Release|Any CPU.ActiveCfg = Release|Any CPU
		{14CF4D04-F5EE-4ED8-92C9-CF51A1D835A1}.Release|Any CPU.Build.0 = Release|Any CPU
		{7EC9D888-9ACD-45A1-A9F8-348D4C7A1A43}.Debug|Any CPU.ActiveCfg = Debug|Any CPU
		{7EC9D888-9ACD-45A1-A9F8-348D4C7A1A43}.Debug|Any CPU.Build.0 = Debug|Any CPU
		{7EC9D888-9ACD-45A1-A9F8-348D4C7A1A43}.Release|Any CPU.ActiveCfg = Release|Any CPU
		{7EC9D888-9ACD-45A1-A9F8-348D4C7A1A43}.Release|Any CPU.Build.0 = Release|Any CPU
	EndGlobalSection
	GlobalSection(SolutionProperties) = preSolution
		HideSolutionNode = FALSE
	EndGlobalSection
EndGlobal
