
Microsoft Visual Studio Solution File, Format Version 12.00
# Visual Studio 2012
Project("{FAE04EC0-301F-11D3-BF4B-00C04F79EFBC}") = "Overkill", "Overkill\Overkill.csproj", "{A94399CB-668D-4EF9-BE7B-4E022E2F7888}"
EndProject
Global
	GlobalSection(SolutionConfigurationPlatforms) = preSolution
		Debug|Any CPU = Debug|Any CPU
		Release|Any CPU = Release|Any CPU
	EndGlobalSection
	GlobalSection(ProjectConfigurationPlatforms) = postSolution
		{A94399CB-668D-4EF9-BE7B-4E022E2F7888}.Debug|Any CPU.ActiveCfg = Debug|Any CPU
		{A94399CB-668D-4EF9-BE7B-4E022E2F7888}.Debug|Any CPU.Build.0 = Debug|Any CPU
		{A94399CB-668D-4EF9-BE7B-4E022E2F7888}.Release|Any CPU.ActiveCfg = Release|Any CPU
		{A94399CB-668D-4EF9-BE7B-4E022E2F7888}.Release|Any CPU.Build.0 = Release|Any CPU
	EndGlobalSection
EndGlobal
